
Microsoft Visual Studio Solution File, Format Version 12.00
# Visual Studio Version 17
VisualStudioVersion = 17.11.35312.102
MinimumVisualStudioVersion = 10.0.40219.1
Project("{FAE04EC0-301F-11D3-BF4B-00C04F79EFBC}") = "TicketBookingSystem.UI", "TicketBookingSystem.UI.csproj", "{B2F54D07-4C1F-4673-B4B5-E7F412EE0391}"
EndProject
Project("{FAE04EC0-301F-11D3-BF4B-00C04F79EFBC}") = "TicketBoookingSystem.Entity", "..\TicketBoookingSystem.Entity\TicketBoookingSystem.Entity.csproj", "{86E46992-A0D4-4CE7-B6DF-12D80BEDF57A}"
EndProject
Project("{FAE04EC0-301F-11D3-BF4B-00C04F79EFBC}") = "TicketBookingSystem.Businesslayer", "..\TicketBookingSystem.Businesslayer\TicketBookingSystem.Businesslayer.csproj", "{324E1D7B-6E6E-43D2-A706-671266CB869F}"
EndProject
Global
	GlobalSection(SolutionConfigurationPlatforms) = preSolution
		Debug|Any CPU = Debug|Any CPU
		Release|Any CPU = Release|Any CPU
	EndGlobalSection
	GlobalSection(ProjectConfigurationPlatforms) = postSolution
		{B2F54D07-4C1F-4673-B4B5-E7F412EE0391}.Debug|Any CPU.ActiveCfg = Debug|Any CPU
		{B2F54D07-4C1F-4673-B4B5-E7F412EE0391}.Debug|Any CPU.Build.0 = Debug|Any CPU
		{B2F54D07-4C1F-4673-B4B5-E7F412EE0391}.Release|Any CPU.ActiveCfg = Release|Any CPU
		{B2F54D07-4C1F-4673-B4B5-E7F412EE0391}.Release|Any CPU.Build.0 = Release|Any CPU
		{86E46992-A0D4-4CE7-B6DF-12D80BEDF57A}.Debug|Any CPU.ActiveCfg = Debug|Any CPU
		{86E46992-A0D4-4CE7-B6DF-12D80BEDF57A}.Debug|Any CPU.Build.0 = Debug|Any CPU
		{86E46992-A0D4-4CE7-B6DF-12D80BEDF57A}.Release|Any CPU.ActiveCfg = Release|Any CPU
		{86E46992-A0D4-4CE7-B6DF-12D80BEDF57A}.Release|Any CPU.Build.0 = Release|Any CPU
		{324E1D7B-6E6E-43D2-A706-671266CB869F}.Debug|Any CPU.ActiveCfg = Debug|Any CPU
		{324E1D7B-6E6E-43D2-A706-671266CB869F}.Debug|Any CPU.Build.0 = Debug|Any CPU
		{324E1D7B-6E6E-43D2-A706-671266CB869F}.Release|Any CPU.ActiveCfg = Release|Any CPU
		{324E1D7B-6E6E-43D2-A706-671266CB869F}.Release|Any CPU.Build.0 = Release|Any CPU
	EndGlobalSection
	GlobalSection(SolutionProperties) = preSolution
		HideSolutionNode = FALSE
	EndGlobalSection
	GlobalSection(ExtensibilityGlobals) = postSolution
		SolutionGuid = {B99475F0-22C4-40AD-AC07-E4E93262B1A5}
	EndGlobalSection
EndGlobal
